# @generated by Move, please check-in and do not edit manually.

[move]
version = 3
manifest_digest = "A33A4304507331648EED4E5CF6432BC2409051EAA845A1CE710095FDA2343E62"
deps_digest = "3C4103934B1E040BB6B23F1D610B4EF9F2F1166A50A104EADCF77467C004C600"
dependencies = [
  { id = "Sui", name = "Sui" },
  { id = "flowx", name = "flowx" },
]

[[move.package]]
id = "MoveStdlib"
source = { git = "https://github.com/MystenLabs/sui.git", rev = "framework/mainnet", subdir = "crates/sui-framework/packages/move-stdlib" }

[[move.package]]
id = "Sui"
source = { git = "https://github.com/MystenLabs/sui.git", rev = "framework/mainnet", subdir = "crates/sui-framework/packages/sui-framework" }

dependencies = [
  { id = "MoveStdlib", name = "MoveStdlib" },
]

[[move.package]]
id = "flowx"
source = { git = "https://github.com/WeissFi/weiss-farming.git", rev = "main", subdir = "deps/flowx_stub/flowx" }

dependencies = [
  { id = "Sui", name = "Sui" },
]

[move.toolchain-version]
compiler-version = "1.51.3"
edition = "2024.beta"
flavor = "sui"

[env]

[env.mainnet]
chain-id = "35834a8a"
original-published-id = "0xc5e95051a7fb49b09c0b545e08c0da16cb19fff9ac9be844b6ee46fdfc487639"
latest-published-id = "0xbb95c82d3af7dc64e46d0cf69dcf06b0813bac92336a36d370931e0c8e744f86"
published-version = "4"
