# @generated by Move, please check-in and do not edit manually.

[move]
version = 3
manifest_digest = "A8C691ABBC95E657764D21CAE97A20DCFCFAA8888989BBEFF8FDC074BD6A1CED"
deps_digest = "3C4103934B1E040BB6B23F1D610B4EF9F2F1166A50A104EADCF77467C004C600"
dependencies = [
  { id = "Sui", name = "Sui" },
  { id = "flowx", name = "flowx" },
]

[[move.package]]
id = "MoveStdlib"
source = { git = "https://github.com/MystenLabs/sui.git", rev = "framework/mainnet", subdir = "crates/sui-framework/packages/move-stdlib" }

[[move.package]]
id = "Sui"
source = { git = "https://github.com/MystenLabs/sui.git", rev = "framework/mainnet", subdir = "crates/sui-framework/packages/sui-framework" }

dependencies = [
  { id = "MoveStdlib", name = "MoveStdlib" },
]

[[move.package]]
id = "flowx"
source = { local = "deps/flowx_stub/flowx" }

dependencies = [
  { id = "Sui", name = "Sui" },
]

[move.toolchain-version]
compiler-version = "1.51.3"
edition = "2024.beta"
flavor = "sui"

[env]

[env.mainnet]
chain-id = "35834a8a"
original-published-id = "0xc5e95051a7fb49b09c0b545e08c0da16cb19fff9ac9be844b6ee46fdfc487639"
latest-published-id = "0x53db10127db81f448cd69f08502fbd9e14a3574a6462689fce16364a110665cc"
published-version = "2"
