# @generated by Move, please check-in and do not edit manually.

[move]
version = 3
manifest_digest = "8947985B3DF0E3F28FE93A75D8B50C6F41C2F7E27332253EAF0D9AD3451B6A69"
deps_digest = "3C4103934B1E040BB6B23F1D610B4EF9F2F1166A50A104EADCF77467C004C600"
dependencies = [
  { id = "Sui", name = "Sui" },
  { id = "flowx", name = "flowx" },
]

[[move.package]]
id = "MoveStdlib"
source = { git = "https://github.com/MystenLabs/sui.git", rev = "framework/mainnet", subdir = "crates/sui-framework/packages/move-stdlib" }

[[move.package]]
id = "Sui"
source = { git = "https://github.com/MystenLabs/sui.git", rev = "framework/mainnet", subdir = "crates/sui-framework/packages/sui-framework" }

dependencies = [
  { id = "MoveStdlib", name = "MoveStdlib" },
]

[[move.package]]
id = "flowx"
source = { git = "https://github.com/WeissFi/weiss-farming.git", rev = "main", subdir = "deps/flowx_stub/flowx" }

dependencies = [
  { id = "Sui", name = "Sui" },
]

[move.toolchain-version]
compiler-version = "1.52.2"
edition = "2024.beta"
flavor = "sui"

[env]

[env.mainnet]
chain-id = "35834a8a"
original-published-id = "0x19942044a0c3983a20b1436c27b0c867aff6252f650fb7eb8181aff411e2d5d5"
latest-published-id = "0x19942044a0c3983a20b1436c27b0c867aff6252f650fb7eb8181aff411e2d5d5"
published-version = "1"
